Microsoft Visual Studio Solution File, Format Version 12.00
# Visual Studio 15
VisualStudioVersion = 15.0.26124.0
MinimumVisualStudioVersion = 15.0.26124.0
Project("{9A19103F-16F7-4668-BE54-9A1E7A4F7556}") = "Application", "Application\Application.csproj", "{D4C48BF3-D7D4-429C-B32A-71E04BFA7438}"
EndProject
Project("{9A19103F-16F7-4668-BE54-9A1E7A4F7556}") = "Domain", "Domain\Domain.csproj", "{7F4D2268-50B4-4AD4-9D3D-1D73162C7054}"
EndProject
Project("{9A19103F-16F7-4668-BE54-9A1E7A4F7556}") = "Service", "Service\Service.csproj", "{9FDEEC39-DA48-4BCF-B003-63B590437983}"
EndProject
Project("{9A19103F-16F7-4668-BE54-9A1E7A4F7556}") = "Infra.Data", "Infra.Data\Infra.Data.csproj", "{0696BF5D-E14E-46D4-BEB5-0C9A9F3E4A86}"
EndProject
Global
	GlobalSection(SolutionConfigurationPlatforms) = preSolution
		Debug|Any CPU = Debug|Any CPU
		Debug|x64 = Debug|x64
		Debug|x86 = Debug|x86
		Release|Any CPU = Release|Any CPU
		Release|x64 = Release|x64
		Release|x86 = Release|x86
	EndGlobalSection
	GlobalSection(ProjectConfigurationPlatforms) = postSolution
		{D4C48BF3-D7D4-429C-B32A-71E04BFA7438}.Debug|Any CPU.ActiveCfg = Debug|Any CPU
		{D4C48BF3-D7D4-429C-B32A-71E04BFA7438}.Debug|Any CPU.Build.0 = Debug|Any CPU
		{D4C48BF3-D7D4-429C-B32A-71E04BFA7438}.Debug|x64.ActiveCfg = Debug|Any CPU
		{D4C48BF3-D7D4-429C-B32A-71E04BFA7438}.Debug|x64.Build.0 = Debug|Any CPU
		{D4C48BF3-D7D4-429C-B32A-71E04BFA7438}.Debug|x86.ActiveCfg = Debug|Any CPU
		{D4C48BF3-D7D4-429C-B32A-71E04BFA7438}.Debug|x86.Build.0 = Debug|Any CPU
		{D4C48BF3-D7D4-429C-B32A-71E04BFA7438}.Release|Any CPU.ActiveCfg = Release|Any CPU
		{D4C48BF3-D7D4-429C-B32A-71E04BFA7438}.Release|Any CPU.Build.0 = Release|Any CPU
		{D4C48BF3-D7D4-429C-B32A-71E04BFA7438}.Release|x64.ActiveCfg = Release|Any CPU
		{D4C48BF3-D7D4-429C-B32A-71E04BFA7438}.Release|x64.Build.0 = Release|Any CPU
		{D4C48BF3-D7D4-429C-B32A-71E04BFA7438}.Release|x86.ActiveCfg = Release|Any CPU
		{D4C48BF3-D7D4-429C-B32A-71E04BFA7438}.Release|x86.Build.0 = Release|Any CPU
		{7F4D2268-50B4-4AD4-9D3D-1D73162C7054}.Debug|Any CPU.ActiveCfg = Debug|Any CPU
		{7F4D2268-50B4-4AD4-9D3D-1D73162C7054}.Debug|Any CPU.Build.0 = Debug|Any CPU
		{7F4D2268-50B4-4AD4-9D3D-1D73162C7054}.Debug|x64.ActiveCfg = Debug|Any CPU
		{7F4D2268-50B4-4AD4-9D3D-1D73162C7054}.Debug|x64.Build.0 = Debug|Any CPU
		{7F4D2268-50B4-4AD4-9D3D-1D73162C7054}.Debug|x86.ActiveCfg = Debug|Any CPU
		{7F4D2268-50B4-4AD4-9D3D-1D73162C7054}.Debug|x86.Build.0 = Debug|Any CPU
		{7F4D2268-50B4-4AD4-9D3D-1D73162C7054}.Release|Any CPU.ActiveCfg = Release|Any CPU
		{7F4D2268-50B4-4AD4-9D3D-1D73162C7054}.Release|Any CPU.Build.0 = Release|Any CPU
		{7F4D2268-50B4-4AD4-9D3D-1D73162C7054}.Release|x64.ActiveCfg = Release|Any CPU
		{7F4D2268-50B4-4AD4-9D3D-1D73162C7054}.Release|x64.Build.0 = Release|Any CPU
		{7F4D2268-50B4-4AD4-9D3D-1D73162C7054}.Release|x86.ActiveCfg = Release|Any CPU
		{7F4D2268-50B4-4AD4-9D3D-1D73162C7054}.Release|x86.Build.0 = Release|Any CPU
		{9FDEEC39-DA48-4BCF-B003-63B590437983}.Debug|Any CPU.ActiveCfg = Debug|Any CPU
		{9FDEEC39-DA48-4BCF-B003-63B590437983}.Debug|Any CPU.Build.0 = Debug|Any CPU
		{9FDEEC39-DA48-4BCF-B003-63B590437983}.Debug|x64.ActiveCfg = Debug|Any CPU
		{9FDEEC39-DA48-4BCF-B003-63B590437983}.Debug|x64.Build.0 = Debug|Any CPU
		{9FDEEC39-DA48-4BCF-B003-63B590437983}.Debug|x86.ActiveCfg = Debug|Any CPU
		{9FDEEC39-DA48-4BCF-B003-63B590437983}.Debug|x86.Build.0 = Debug|Any CPU
		{9FDEEC39-DA48-4BCF-B003-63B590437983}.Release|Any CPU.ActiveCfg = Release|Any CPU
		{9FDEEC39-DA48-4BCF-B003-63B590437983}.Release|Any CPU.Build.0 = Release|Any CPU
		{9FDEEC39-DA48-4BCF-B003-63B590437983}.Release|x64.ActiveCfg = Release|Any CPU
		{9FDEEC39-DA48-4BCF-B003-63B590437983}.Release|x64.Build.0 = Release|Any CPU
		{9FDEEC39-DA48-4BCF-B003-63B590437983}.Release|x86.ActiveCfg = Release|Any CPU
		{9FDEEC39-DA48-4BCF-B003-63B590437983}.Release|x86.Build.0 = Release|Any CPU
		{0696BF5D-E14E-46D4-BEB5-0C9A9F3E4A86}.Debug|Any CPU.ActiveCfg = Debug|Any CPU
		{0696BF5D-E14E-46D4-BEB5-0C9A9F3E4A86}.Debug|Any CPU.Build.0 = Debug|Any CPU
		{0696BF5D-E14E-46D4-BEB5-0C9A9F3E4A86}.Debug|x64.ActiveCfg = Debug|Any CPU
		{0696BF5D-E14E-46D4-BEB5-0C9A9F3E4A86}.Debug|x64.Build.0 = Debug|Any CPU
		{0696BF5D-E14E-46D4-BEB5-0C9A9F3E4A86}.Debug|x86.ActiveCfg = Debug|Any CPU
		{0696BF5D-E14E-46D4-BEB5-0C9A9F3E4A86}.Debug|x86.Build.0 = Debug|Any CPU
		{0696BF5D-E14E-46D4-BEB5-0C9A9F3E4A86}.Release|Any CPU.ActiveCfg = Release|Any CPU
		{0696BF5D-E14E-46D4-BEB5-0C9A9F3E4A86}.Release|Any CPU.Build.0 = Release|Any CPU
		{0696BF5D-E14E-46D4-BEB5-0C9A9F3E4A86}.Release|x64.ActiveCfg = Release|Any CPU
		{0696BF5D-E14E-46D4-BEB5-0C9A9F3E4A86}.Release|x64.Build.0 = Release|Any CPU
		{0696BF5D-E14E-46D4-BEB5-0C9A9F3E4A86}.Release|x86.ActiveCfg = Release|Any CPU
		{0696BF5D-E14E-46D4-BEB5-0C9A9F3E4A86}.Release|x86.Build.0 = Release|Any CPU
	EndGlobalSection
	GlobalSection(SolutionProperties) = preSolution
		HideSolutionNode = FALSE
	EndGlobalSection
	GlobalSection(ExtensibilityGlobals) = postSolution
		SolutionGuid = {8BBF04A1-E1C9-4DD4-A4E5-705CAD48545A}
	EndGlobalSection
EndGlobal
